
Microsoft Visual Studio Solution File, Format Version 12.00
# Visual Studio Version 17
VisualStudioVersion = 17.13.35818.85 d17.13
MinimumVisualStudioVersion = 10.0.40219.1
Project("{FAE04EC0-301F-11D3-BF4B-00C04F79EFBC}") = "Bingo", "Bingo\Bingo.csproj", "{3AA5E6E1-8DB2-4502-8010-E578306B8A07}"
EndProject
Global
	GlobalSection(SolutionConfigurationPlatforms) = preSolution
		Debug|Any CPU = Debug|Any CPU
		Release|Any CPU = Release|Any CPU
	EndGlobalSection
	GlobalSection(ProjectConfigurationPlatforms) = postSolution
		{3AA5E6E1-8DB2-4502-8010-E578306B8A07}.Debug|Any CPU.ActiveCfg = Debug|Any CPU
		{3AA5E6E1-8DB2-4502-8010-E578306B8A07}.Debug|Any CPU.Build.0 = Debug|Any CPU
		{3AA5E6E1-8DB2-4502-8010-E578306B8A07}.Release|Any CPU.ActiveCfg = Release|Any CPU
		{3AA5E6E1-8DB2-4502-8010-E578306B8A07}.Release|Any CPU.Build.0 = Release|Any CPU
	EndGlobalSection
	GlobalSection(SolutionProperties) = preSolution
		HideSolutionNode = FALSE
	EndGlobalSection
	GlobalSection(ExtensibilityGlobals) = postSolution
		SolutionGuid = {CA6E2B18-C1F8-4B53-961F-D16764A35957}
	EndGlobalSection
EndGlobal
