
Microsoft Visual Studio Solution File, Format Version 12.00
# Visual Studio Version 17
VisualStudioVersion = 17.13.35818.85 d17.13
MinimumVisualStudioVersion = 10.0.40219.1
Project("{FAE04EC0-301F-11D3-BF4B-00C04F79EFBC}") = "quest20250306", "quest20250306\quest20250306.csproj", "{BC671C35-CDCB-4FAB-9217-ACB7F5866291}"
EndProject
Global
	GlobalSection(SolutionConfigurationPlatforms) = preSolution
		Debug|Any CPU = Debug|Any CPU
		Release|Any CPU = Release|Any CPU
	EndGlobalSection
	GlobalSection(ProjectConfigurationPlatforms) = postSolution
		{BC671C35-CDCB-4FAB-9217-ACB7F5866291}.Debug|Any CPU.ActiveCfg = Debug|Any CPU
		{BC671C35-CDCB-4FAB-9217-ACB7F5866291}.Debug|Any CPU.Build.0 = Debug|Any CPU
		{BC671C35-CDCB-4FAB-9217-ACB7F5866291}.Release|Any CPU.ActiveCfg = Release|Any CPU
		{BC671C35-CDCB-4FAB-9217-ACB7F5866291}.Release|Any CPU.Build.0 = Release|Any CPU
	EndGlobalSection
	GlobalSection(SolutionProperties) = preSolution
		HideSolutionNode = FALSE
	EndGlobalSection
	GlobalSection(ExtensibilityGlobals) = postSolution
		SolutionGuid = {5196E60D-8B41-4E5D-B84B-879940326DC0}
	EndGlobalSection
EndGlobal
