
Microsoft Visual Studio Solution File, Format Version 12.00
# Visual Studio Version 17
VisualStudioVersion = 17.13.35818.85 d17.13
MinimumVisualStudioVersion = 10.0.40219.1
Project("{FAE04EC0-301F-11D3-BF4B-00C04F79EFBC}") = "quest0225", "quest0225\quest0225.csproj", "{C30350AA-FC46-428B-912E-272FE2B36306}"
EndProject
Global
	GlobalSection(SolutionConfigurationPlatforms) = preSolution
		Debug|Any CPU = Debug|Any CPU
		Release|Any CPU = Release|Any CPU
	EndGlobalSection
	GlobalSection(ProjectConfigurationPlatforms) = postSolution
		{C30350AA-FC46-428B-912E-272FE2B36306}.Debug|Any CPU.ActiveCfg = Debug|Any CPU
		{C30350AA-FC46-428B-912E-272FE2B36306}.Debug|Any CPU.Build.0 = Debug|Any CPU
		{C30350AA-FC46-428B-912E-272FE2B36306}.Release|Any CPU.ActiveCfg = Release|Any CPU
		{C30350AA-FC46-428B-912E-272FE2B36306}.Release|Any CPU.Build.0 = Release|Any CPU
	EndGlobalSection
	GlobalSection(SolutionProperties) = preSolution
		HideSolutionNode = FALSE
	EndGlobalSection
	GlobalSection(ExtensibilityGlobals) = postSolution
		SolutionGuid = {6291F1BF-ED17-4D9A-B8A3-80A7FE3FC889}
	EndGlobalSection
EndGlobal
