
Microsoft Visual Studio Solution File, Format Version 12.00
# Visual Studio Version 17
VisualStudioVersion = 17.13.35818.85 d17.13
MinimumVisualStudioVersion = 10.0.40219.1
Project("{FAE04EC0-301F-11D3-BF4B-00C04F79EFBC}") = "review", "review\review.csproj", "{28391606-EB5D-450B-8C40-AB5593D06B1D}"
EndProject
Global
	GlobalSection(SolutionConfigurationPlatforms) = preSolution
		Debug|Any CPU = Debug|Any CPU
		Release|Any CPU = Release|Any CPU
	EndGlobalSection
	GlobalSection(ProjectConfigurationPlatforms) = postSolution
		{28391606-EB5D-450B-8C40-AB5593D06B1D}.Debug|Any CPU.ActiveCfg = Debug|Any CPU
		{28391606-EB5D-450B-8C40-AB5593D06B1D}.Debug|Any CPU.Build.0 = Debug|Any CPU
		{28391606-EB5D-450B-8C40-AB5593D06B1D}.Release|Any CPU.ActiveCfg = Release|Any CPU
		{28391606-EB5D-450B-8C40-AB5593D06B1D}.Release|Any CPU.Build.0 = Release|Any CPU
	EndGlobalSection
	GlobalSection(SolutionProperties) = preSolution
		HideSolutionNode = FALSE
	EndGlobalSection
	GlobalSection(ExtensibilityGlobals) = postSolution
		SolutionGuid = {5BB101D2-A1AF-485A-8724-7182E691B9A6}
	EndGlobalSection
EndGlobal
