
Microsoft Visual Studio Solution File, Format Version 12.00
# Visual Studio Version 17
VisualStudioVersion = 17.13.35818.85 d17.13
MinimumVisualStudioVersion = 10.0.40219.1
Project("{FAE04EC0-301F-11D3-BF4B-00C04F79EFBC}") = "PlusStudy0306", "PlusStudy0306\PlusStudy0306.csproj", "{9A99131F-2B59-4575-B14D-B719AE114DED}"
EndProject
Global
	GlobalSection(SolutionConfigurationPlatforms) = preSolution
		Debug|Any CPU = Debug|Any CPU
		Release|Any CPU = Release|Any CPU
	EndGlobalSection
	GlobalSection(ProjectConfigurationPlatforms) = postSolution
		{9A99131F-2B59-4575-B14D-B719AE114DED}.Debug|Any CPU.ActiveCfg = Debug|Any CPU
		{9A99131F-2B59-4575-B14D-B719AE114DED}.Debug|Any CPU.Build.0 = Debug|Any CPU
		{9A99131F-2B59-4575-B14D-B719AE114DED}.Release|Any CPU.ActiveCfg = Release|Any CPU
		{9A99131F-2B59-4575-B14D-B719AE114DED}.Release|Any CPU.Build.0 = Release|Any CPU
	EndGlobalSection
	GlobalSection(SolutionProperties) = preSolution
		HideSolutionNode = FALSE
	EndGlobalSection
	GlobalSection(ExtensibilityGlobals) = postSolution
		SolutionGuid = {8A214ECC-2B2A-4A7D-BCC0-7D02BA65953C}
	EndGlobalSection
EndGlobal
