
Microsoft Visual Studio Solution File, Format Version 12.00
# Visual Studio Version 17
VisualStudioVersion = 17.13.35818.85 d17.13
MinimumVisualStudioVersion = 10.0.40219.1
Project("{FAE04EC0-301F-11D3-BF4B-00C04F79EFBC}") = "ConsoleApp23", "ConsoleApp23\ConsoleApp23.csproj", "{E4558366-C96B-412A-B67B-D5B3810D4A58}"
EndProject
Global
	GlobalSection(SolutionConfigurationPlatforms) = preSolution
		Debug|Any CPU = Debug|Any CPU
		Release|Any CPU = Release|Any CPU
	EndGlobalSection
	GlobalSection(ProjectConfigurationPlatforms) = postSolution
		{E4558366-C96B-412A-B67B-D5B3810D4A58}.Debug|Any CPU.ActiveCfg = Debug|Any CPU
		{E4558366-C96B-412A-B67B-D5B3810D4A58}.Debug|Any CPU.Build.0 = Debug|Any CPU
		{E4558366-C96B-412A-B67B-D5B3810D4A58}.Release|Any CPU.ActiveCfg = Release|Any CPU
		{E4558366-C96B-412A-B67B-D5B3810D4A58}.Release|Any CPU.Build.0 = Release|Any CPU
	EndGlobalSection
	GlobalSection(SolutionProperties) = preSolution
		HideSolutionNode = FALSE
	EndGlobalSection
	GlobalSection(ExtensibilityGlobals) = postSolution
		SolutionGuid = {946384C8-E36A-4AC7-98AC-0E2FF5E465FE}
	EndGlobalSection
EndGlobal
